// !$*UTF8*$!
{
	archiveVersion = 1;
	classes = {
	};
	objectVersion = 50;
	objects = {

/* Begin PBXBuildFile section */
		85E70CC924898BFB00B84210 /* AppDelegate.swift in Sources */ = {isa = PBXBuildFile; fileRef = 85E70CC824898BFB00B84210 /* AppDelegate.swift */; };
		85E70CCB24898BFB00B84210 /* SceneDelegate.swift in Sources */ = {isa = PBXBuildFile; fileRef = 85E70CCA24898BFB00B84210 /* SceneDelegate.swift */; };
		85E70CCD24898BFB00B84210 /* ViewController.swift in Sources */ = {isa = PBXBuildFile; fileRef = 85E70CCC24898BFB00B84210 /* ViewController.swift */; };
		85E70CD024898BFB00B84210 /* Main.storyboard in Resources */ = {isa = PBXBuildFile; fileRef = 85E70CCE24898BFB00B84210 /* Main.storyboard */; };
		85E70CD224898BFE00B84210 /* Assets.xcassets in Resources */ = {isa = PBXBuildFile; fileRef = 85E70CD124898BFE00B84210 /* Assets.xcassets */; };
		85E70CD524898BFE00B84210 /* LaunchScreen.storyboard in Resources */ = {isa = PBXBuildFile; fileRef = 85E70CD324898BFE00B84210 /* LaunchScreen.storyboard */; };
		85E70CDD24898D6500B84210 /* Card.swift in Sources */ = {isa = PBXBuildFile; fileRef = 85E70CDC24898D6500B84210 /* Card.swift */; };
		85E70CDF2489B6E400B84210 /* CardController.swift in Sources */ = {isa = PBXBuildFile; fileRef = 85E70CDE2489B6E400B84210 /* CardController.swift */; };
/* End PBXBuildFile section */

/* Begin PBXFileReference section */
		85E70CC524898BFB00B84210 /* Kings_Corners.app */ = {isa = PBXFileReference; explicitFileType = wrapper.application; includeInIndex = 0; path = Kings_Corners.app; sourceTree = BUILT_PRODUCTS_DIR; };
		85E70CC824898BFB00B84210 /* AppDelegate.swift */ = {isa = PBXFileReference; lastKnownFileType = sourcecode.swift; path = AppDelegate.swift; sourceTree = "<group>"; };
		85E70CCA24898BFB00B84210 /* SceneDelegate.swift */ = {isa = PBXFileReference; lastKnownFileType = sourcecode.swift; path = SceneDelegate.swift; sourceTree = "<group>"; };
		85E70CCC24898BFB00B84210 /* ViewController.swift */ = {isa = PBXFileReference; lastKnownFileType = sourcecode.swift; path = ViewController.swift; sourceTree = "<group>"; };
		85E70CCF24898BFB00B84210 /* Base */ = {isa = PBXFileReference; lastKnownFileType = file.storyboard; name = Base; path = Base.lproj/Main.storyboard; sourceTree = "<group>"; };
		85E70CD124898BFE00B84210 /* Assets.xcassets */ = {isa = PBXFileReference; lastKnownFileType = folder.assetcatalog; path = Assets.xcassets; sourceTree = "<group>"; };
		85E70CD424898BFE00B84210 /* Base */ = {isa = PBXFileReference; lastKnownFileType = file.storyboard; name = Base; path = Base.lproj/LaunchScreen.storyboard; sourceTree = "<group>"; };
		85E70CD624898BFE00B84210 /* Info.plist */ = {isa = PBXFileReference; lastKnownFileType = text.plist.xml; path = Info.plist; sourceTree = "<group>"; };
		85E70CDC24898D6500B84210 /* Card.swift */ = {isa = PBXFileReference; lastKnownFileType = sourcecode.swift; path = Card.swift; sourceTree = "<group>"; };
		85E70CDE2489B6E400B84210 /* CardController.swift */ = {isa = PBXFileReference; lastKnownFileType = sourcecode.swift; path = CardController.swift; sourceTree = "<group>"; };
/* End PBXFileReference section */

/* Begin PBXFrameworksBuildPhase section */
		85E70CC224898BFB00B84210 /* Frameworks */ = {
			isa = PBXFrameworksBuildPhase;
			buildActionMask = 2147483647;
			files = (
			);
			runOnlyForDeploymentPostprocessing = 0;
		};
/* End PBXFrameworksBuildPhase section */

/* Begin PBXGroup section */
		85E70CBC24898BFB00B84210 = {
			isa = PBXGroup;
			children = (
				85E70CC724898BFB00B84210 /* Kings_Corners */,
				85E70CC624898BFB00B84210 /* Products */,
			);
			sourceTree = "<group>";
		};
		85E70CC624898BFB00B84210 /* Products */ = {
			isa = PBXGroup;
			children = (
				85E70CC524898BFB00B84210 /* Kings_Corners.app */,
			);
			name = Products;
			sourceTree = "<group>";
		};
		85E70CC724898BFB00B84210 /* Kings_Corners */ = {
			isa = PBXGroup;
			children = (
				85E70CC824898BFB00B84210 /* AppDelegate.swift */,
				85E70CCA24898BFB00B84210 /* SceneDelegate.swift */,
				85E70CCC24898BFB00B84210 /* ViewController.swift */,
				85E70CCE24898BFB00B84210 /* Main.storyboard */,
				85E70CD124898BFE00B84210 /* Assets.xcassets */,
				85E70CD324898BFE00B84210 /* LaunchScreen.storyboard */,
				85E70CD624898BFE00B84210 /* Info.plist */,
				85E70CDC24898D6500B84210 /* Card.swift */,
				85E70CDE2489B6E400B84210 /* CardController.swift */,
			);
			path = Kings_Corners;
			sourceTree = "<group>";
		};
/* End PBXGroup section */

/* Begin PBXNativeTarget section */
		85E70CC424898BFB00B84210 /* Kings_Corners */ = {
			isa = PBXNativeTarget;
			buildConfigurationList = 85E70CD924898BFE00B84210 /* Build configuration list for PBXNativeTarget "Kings_Corners" */;
			buildPhases = (
				85E70CC124898BFB00B84210 /* Sources */,
				85E70CC224898BFB00B84210 /* Frameworks */,
				85E70CC324898BFB00B84210 /* Resources */,
			);
			buildRules = (
			);
			dependencies = (
			);
			name = Kings_Corners;
			productName = Kings_Corners;
			productReference = 85E70CC524898BFB00B84210 /* Kings_Corners.app */;
			productType = "com.apple.product-type.application";
		};
/* End PBXNativeTarget section */

/* Begin PBXProject section */
		85E70CBD24898BFB00B84210 /* Project object */ = {
			isa = PBXProject;
			attributes = {
				LastSwiftUpdateCheck = 1150;
				LastUpgradeCheck = 1150;
				ORGANIZATIONNAME = "Brandi Bailey";
				TargetAttributes = {
					85E70CC424898BFB00B84210 = {
						CreatedOnToolsVersion = 11.5;
					};
				};
			};
			buildConfigurationList = 85E70CC024898BFB00B84210 /* Build configuration list for PBXProject "Kings_Corners" */;
			compatibilityVersion = "Xcode 9.3";
			developmentRegion = en;
			hasScannedForEncodings = 0;
			knownRegions = (
				en,
				Base,
			);
			mainGroup = 85E70CBC24898BFB00B84210;
			productRefGroup = 85E70CC624898BFB00B84210 /* Products */;
			projectDirPath = "";
			projectRoot = "";
			targets = (
				85E70CC424898BFB00B84210 /* Kings_Corners */,
			);
		};
/* End PBXProject section */

/* Begin PBXResourcesBuildPhase section */
		85E70CC324898BFB00B84210 /* Resources */ = {
			isa = PBXResourcesBuildPhase;
			buildActionMask = 2147483647;
			files = (
				85E70CD524898BFE00B84210 /* LaunchScreen.storyboard in Resources */,
				85E70CD224898BFE00B84210 /* Assets.xcassets in Resources */,
				85E70CD024898BFB00B84210 /* Main.storyboard in Resources */,
			);
			runOnlyForDeploymentPostprocessing = 0;
		};
/* End PBXResourcesBuildPhase section */

/* Begin PBXSourcesBuildPhase section */
		85E70CC124898BFB00B84210 /* Sources */ = {
			isa = PBXSourcesBuildPhase;
			buildActionMask = 2147483647;
			files = (
				85E70CDF2489B6E400B84210 /* CardController.swift in Sources */,
				85E70CCD24898BFB00B84210 /* ViewController.swift in Sources */,
				85E70CC924898BFB00B84210 /* AppDelegate.swift in Sources */,
				85E70CCB24898BFB00B84210 /* SceneDelegate.swift in Sources */,
				85E70CDD24898D6500B84210 /* Card.swift in Sources */,
			);
			runOnlyForDeploymentPostprocessing = 0;
		};
/* End PBXSourcesBuildPhase section */

/* Begin PBXVariantGroup section */
		85E70CCE24898BFB00B84210 /* Main.storyboard */ = {
			isa = PBXVariantGroup;
			children = (
				85E70CCF24898BFB00B84210 /* Base */,
			);
			name = Main.storyboard;
			sourceTree = "<group>";
		};
		85E70CD324898BFE00B84210 /* LaunchScreen.storyboard */ = {
			isa = PBXVariantGroup;
			children = (
				85E70CD424898BFE00B84210 /* Base */,
			);
			name = LaunchScreen.storyboard;
			sourceTree = "<group>";
		};
/* End PBXVariantGroup section */

/* Begin XCBuildConfiguration section */
		85E70CD724898BFE00B84210 /* Debug */ = {
			isa = XCBuildConfiguration;
			buildSettings = {
				ALWAYS_SEARCH_USER_PATHS = NO;
				CLANG_ANALYZER_NONNULL = YES;
				CLANG_ANALYZER_NUMBER_OBJECT_CONVERSION = YES_AGGRESSIVE;
				CLANG_CXX_LANGUAGE_STANDARD = "gnu++14";
				CLANG_CXX_LIBRARY = "libc++";
				CLANG_ENABLE_MODULES = YES;
				CLANG_ENABLE_OBJC_ARC = YES;
				CLANG_ENABLE_OBJC_WEAK = YES;
				CLANG_WARN_BLOCK_CAPTURE_AUTORELEASING = YES;
				CLANG_WARN_BOOL_CONVERSION = YES;
				CLANG_WARN_COMMA = YES;
				CLANG_WARN_CONSTANT_CONVERSION = YES;
				CLANG_WARN_DEPRECATED_OBJC_IMPLEMENTATIONS = YES;
				CLANG_WARN_DIRECT_OBJC_ISA_USAGE = YES_ERROR;
				CLANG_WARN_DOCUMENTATION_COMMENTS = YES;
				CLANG_WARN_EMPTY_BODY = YES;
				CLANG_WARN_ENUM_CONVERSION = YES;
				CLANG_WARN_INFINITE_RECURSION = YES;
				CLANG_WARN_INT_CONVERSION = YES;
				CLANG_WARN_NON_LITERAL_NULL_CONVERSION = YES;
				CLANG_WARN_OBJC_IMPLICIT_RETAIN_SELF = YES;
				CLANG_WARN_OBJC_LITERAL_CONVERSION = YES;
				CLANG_WARN_OBJC_ROOT_CLASS = YES_ERROR;
				CLANG_WARN_RANGE_LOOP_ANALYSIS = YES;
				CLANG_WARN_STRICT_PROTOTYPES = YES;
				CLANG_WARN_SUSPICIOUS_MOVE = YES;
				CLANG_WARN_UNGUARDED_AVAILABILITY = YES_AGGRESSIVE;
				CLANG_WARN_UNREACHABLE_CODE = YES;
				CLANG_WARN__DUPLICATE_METHOD_MATCH = YES;
				COPY_PHASE_STRIP = NO;
				DEBUG_INFORMATION_FORMAT = dwarf;
				ENABLE_STRICT_OBJC_MSGSEND = YES;
				ENABLE_TESTABILITY = YES;
				GCC_C_LANGUAGE_STANDARD = gnu11;
				GCC_DYNAMIC_NO_PIC = NO;
				GCC_NO_COMMON_BLOCKS = YES;
				GCC_OPTIMIZATION_LEVEL = 0;
				GCC_PREPROCESSOR_DEFINITIONS = (
					"DEBUG=1",
					"$(inherited)",
				);
				GCC_WARN_64_TO_32_BIT_CONVERSION = YES;
				GCC_WARN_ABOUT_RETURN_TYPE = YES_ERROR;
				GCC_WARN_UNDECLARED_SELECTOR = YES;
				GCC_WARN_UNINITIALIZED_AUTOS = YES_AGGRESSIVE;
				GCC_WARN_UNUSED_FUNCTION = YES;
				GCC_WARN_UNUSED_VARIABLE = YES;
				IPHONEOS_DEPLOYMENT_TARGET = 13.5;
				MTL_ENABLE_DEBUG_INFO = INCLUDE_SOURCE;
				MTL_FAST_MATH = YES;
				ONLY_ACTIVE_ARCH = YES;
				SDKROOT = iphoneos;
				SWIFT_ACTIVE_COMPILATION_CONDITIONS = DEBUG;
				SWIFT_OPTIMIZATION_LEVEL = "-Onone";
			};
			name = Debug;
		};
		85E70CD824898BFE00B84210 /* Release */ = {
			isa = XCBuildConfiguration;
			buildSettings = {
				ALWAYS_SEARCH_USER_PATHS = NO;
				CLANG_ANALYZER_NONNULL = YES;
				CLANG_ANALYZER_NUMBER_OBJECT_CONVERSION = YES_AGGRESSIVE;
				CLANG_CXX_LANGUAGE_STANDARD = "gnu++14";
				CLANG_CXX_LIBRARY = "libc++";
				CLANG_ENABLE_MODULES = YES;
				CLANG_ENABLE_OBJC_ARC = YES;
				CLANG_ENABLE_OBJC_WEAK = YES;
				CLANG_WARN_BLOCK_CAPTURE_AUTORELEASING = YES;
				CLANG_WARN_BOOL_CONVERSION = YES;
				CLANG_WARN_COMMA = YES;
				CLANG_WARN_CONSTANT_CONVERSION = YES;
				CLANG_WARN_DEPRECATED_OBJC_IMPLEMENTATIONS = YES;
				CLANG_WARN_DIRECT_OBJC_ISA_USAGE = YES_ERROR;
				CLANG_WARN_DOCUMENTATION_COMMENTS = YES;
				CLANG_WARN_EMPTY_BODY = YES;
				CLANG_WARN_ENUM_CONVERSION = YES;
				CLANG_WARN_INFINITE_RECURSION = YES;
				CLANG_WARN_INT_CONVERSION = YES;
				CLANG_WARN_NON_LITERAL_NULL_CONVERSION = YES;
				CLANG_WARN_OBJC_IMPLICIT_RETAIN_SELF = YES;
				CLANG_WARN_OBJC_LITERAL_CONVERSION = YES;
				CLANG_WARN_OBJC_ROOT_CLASS = YES_ERROR;
				CLANG_WARN_RANGE_LOOP_ANALYSIS = YES;
				CLANG_WARN_STRICT_PROTOTYPES = YES;
				CLANG_WARN_SUSPICIOUS_MOVE = YES;
				CLANG_WARN_UNGUARDED_AVAILABILITY = YES_AGGRESSIVE;
				CLANG_WARN_UNREACHABLE_CODE = YES;
				CLANG_WARN__DUPLICATE_METHOD_MATCH = YES;
				COPY_PHASE_STRIP = NO;
				DEBUG_INFORMATION_FORMAT = "dwarf-with-dsym";
				ENABLE_NS_ASSERTIONS = NO;
				ENABLE_STRICT_OBJC_MSGSEND = YES;
				GCC_C_LANGUAGE_STANDARD = gnu11;
				GCC_NO_COMMON_BLOCKS = YES;
				GCC_WARN_64_TO_32_BIT_CONVERSION = YES;
				GCC_WARN_ABOUT_RETURN_TYPE = YES_ERROR;
				GCC_WARN_UNDECLARED_SELECTOR = YES;
				GCC_WARN_UNINITIALIZED_AUTOS = YES_AGGRESSIVE;
				GCC_WARN_UNUSED_FUNCTION = YES;
				GCC_WARN_UNUSED_VARIABLE = YES;
				IPHONEOS_DEPLOYMENT_TARGET = 13.5;
				MTL_ENABLE_DEBUG_INFO = NO;
				MTL_FAST_MATH = YES;
				SDKROOT = iphoneos;
				SWIFT_COMPILATION_MODE = wholemodule;
				SWIFT_OPTIMIZATION_LEVEL = "-O";
				VALIDATE_PRODUCT = YES;
			};
			name = Release;
		};
		85E70CDA24898BFE00B84210 /* Debug */ = {
			isa = XCBuildConfiguration;
			buildSettings = {
				ASSETCATALOG_COMPILER_APPICON_NAME = AppIcon;
				CODE_SIGN_STYLE = Automatic;
				DEVELOPMENT_TEAM = U969WBXYCP;
				INFOPLIST_FILE = Kings_Corners/Info.plist;
				IPHONEOS_DEPLOYMENT_TARGET = 13.0;
				LD_RUNPATH_SEARCH_PATHS = (
					"$(inherited)",
					"@executable_path/Frameworks",
				);
				PRODUCT_BUNDLE_IDENTIFIER = "com.Squee.Kings-Corners";
				PRODUCT_NAME = "$(TARGET_NAME)";
				SWIFT_VERSION = 5.0;
				TARGETED_DEVICE_FAMILY = "1,2";
			};
			name = Debug;
		};
		85E70CDB24898BFE00B84210 /* Release */ = {
			isa = XCBuildConfiguration;
			buildSettings = {
				ASSETCATALOG_COMPILER_APPICON_NAME = AppIcon;
				CODE_SIGN_STYLE = Automatic;
				DEVELOPMENT_TEAM = U969WBXYCP;
				INFOPLIST_FILE = Kings_Corners/Info.plist;
				IPHONEOS_DEPLOYMENT_TARGET = 13.0;
				LD_RUNPATH_SEARCH_PATHS = (
					"$(inherited)",
					"@executable_path/Frameworks",
				);
				PRODUCT_BUNDLE_IDENTIFIER = "com.Squee.Kings-Corners";
				PRODUCT_NAME = "$(TARGET_NAME)";
				SWIFT_VERSION = 5.0;
				TARGETED_DEVICE_FAMILY = "1,2";
			};
			name = Release;
		};
/* End XCBuildConfiguration section */

/* Begin XCConfigurationList section */
		85E70CC024898BFB00B84210 /* Build configuration list for PBXProject "Kings_Corners" */ = {
			isa = XCConfigurationList;
			buildConfigurations = (
				85E70CD724898BFE00B84210 /* Debug */,
				85E70CD824898BFE00B84210 /* Release */,
			);
			defaultConfigurationIsVisible = 0;
			defaultConfigurationName = Release;
		};
		85E70CD924898BFE00B84210 /* Build configuration list for PBXNativeTarget "Kings_Corners" */ = {
			isa = XCConfigurationList;
			buildConfigurations = (
				85E70CDA24898BFE00B84210 /* Debug */,
				85E70CDB24898BFE00B84210 /* Release */,
			);
			defaultConfigurationIsVisible = 0;
			defaultConfigurationName = Release;
		};
/* End XCConfigurationList section */
	};
	rootObject = 85E70CBD24898BFB00B84210 /* Project object */;
}
